
Microsoft Visual Studio Solution File, Format Version 12.00
# Visual Studio Version 17
VisualStudioVersion = 17.14.36414.22 d17.14
MinimumVisualStudioVersion = 10.0.40219.1
Project("{FAE04EC0-301F-11D3-BF4B-00C04F79EFBC}") = "WinFormsApp1", "WinFormsApp1\WinFormsApp1.csproj", "{339A6B18-733B-4360-AD79-DCFD56EA6E16}"
EndProject
Global
	GlobalSection(SolutionConfigurationPlatforms) = preSolution
		Debug|Any CPU = Debug|Any CPU
		Release|Any CPU = Release|Any CPU
	EndGlobalSection
	GlobalSection(ProjectConfigurationPlatforms) = postSolution
		{339A6B18-733B-4360-AD79-DCFD56EA6E16}.Debug|Any CPU.ActiveCfg = Debug|Any CPU
		{339A6B18-733B-4360-AD79-DCFD56EA6E16}.Debug|Any CPU.Build.0 = Debug|Any CPU
		{339A6B18-733B-4360-AD79-DCFD56EA6E16}.Release|Any CPU.ActiveCfg = Release|Any CPU
		{339A6B18-733B-4360-AD79-DCFD56EA6E16}.Release|Any CPU.Build.0 = Release|Any CPU
	EndGlobalSection
	GlobalSection(SolutionProperties) = preSolution
		HideSolutionNode = FALSE
	EndGlobalSection
	GlobalSection(ExtensibilityGlobals) = postSolution
		SolutionGuid = {512ECC53-620B-4797-B52A-4A4D632B0D3A}
	EndGlobalSection
EndGlobal
